
Microsoft Visual Studio Solution File, Format Version 11.00
# Visual Studio 2010
Project("{159641D6-6404-4A2A-AE62-294DE0FE8301}") = "SSIS_CallWebSrv", "SSIS_CallWebSrv\SSIS_CallWebSrv.dtproj", "{23BF211A-F5F7-4E98-9CB2-E10919E3803B}"
EndProject
Global
	GlobalSection(SolutionConfigurationPlatforms) = preSolution
		Development|Default = Development|Default
	EndGlobalSection
	GlobalSection(ProjectConfigurationPlatforms) = postSolution
		{23BF211A-F5F7-4E98-9CB2-E10919E3803B}.Development|Default.ActiveCfg = Development
		{23BF211A-F5F7-4E98-9CB2-E10919E3803B}.Development|Default.Build.0 = Development
	EndGlobalSection
	GlobalSection(SolutionProperties) = preSolution
		HideSolutionNode = FALSE
	EndGlobalSection
EndGlobal
