
Microsoft Visual Studio Solution File, Format Version 12.00
# Visual Studio 2013
VisualStudioVersion = 12.0.40629.0
MinimumVisualStudioVersion = 10.0.40219.1
Project("{E24C65DC-7377-472B-9ABA-BC803B73C61A}") = "WebSite", "http://localhost:61011", "{9C84C4E1-2ACF-49D5-90C5-FC0A0C8D2678}"
	ProjectSection(WebsiteProperties) = preProject
		UseIISExpress = "true"
		TargetFrameworkMoniker = ".NETFramework,Version%3Dv4.5"
		ProjectReferences = "{8d6a2714-789d-4201-97cf-bf8fb96f4d56}|MVCApp.dll;"
		Debug.AspNetCompiler.VirtualPath = "/localhost_61011"
		Debug.AspNetCompiler.PhysicalPath = "WebSite\"
		Debug.AspNetCompiler.TargetPath = "PrecompiledWeb\localhost_61011\"
		Debug.AspNetCompiler.Updateable = "true"
		Debug.AspNetCompiler.ForceOverwrite = "true"
		Debug.AspNetCompiler.FixedNames = "false"
		Debug.AspNetCompiler.Debug = "True"
		Release.AspNetCompiler.VirtualPath = "/localhost_61011"
		Release.AspNetCompiler.PhysicalPath = "WebSite\"
		Release.AspNetCompiler.TargetPath = "PrecompiledWeb\localhost_61011\"
		Release.AspNetCompiler.Updateable = "true"
		Release.AspNetCompiler.ForceOverwrite = "true"
		Release.AspNetCompiler.FixedNames = "false"
		Release.AspNetCompiler.Debug = "False"
		SlnRelativePath = "WebSite\"
		DefaultWebSiteLanguage = "Visual C#"
	EndProjectSection
EndProject
Project("{FAE04EC0-301F-11D3-BF4B-00C04F79EFBC}") = "MVCApp", "MVCApp\MVCApp.csproj", "{8D6A2714-789D-4201-97CF-BF8FB96F4D56}"
EndProject
Global
	GlobalSection(SolutionConfigurationPlatforms) = preSolution
		Debug|Any CPU = Debug|Any CPU
		Release|Any CPU = Release|Any CPU
	EndGlobalSection
	GlobalSection(ProjectConfigurationPlatforms) = postSolution
		{9C84C4E1-2ACF-49D5-90C5-FC0A0C8D2678}.Debug|Any CPU.ActiveCfg = Debug|Any CPU
		{9C84C4E1-2ACF-49D5-90C5-FC0A0C8D2678}.Debug|Any CPU.Build.0 = Debug|Any CPU
		{9C84C4E1-2ACF-49D5-90C5-FC0A0C8D2678}.Release|Any CPU.ActiveCfg = Debug|Any CPU
		{9C84C4E1-2ACF-49D5-90C5-FC0A0C8D2678}.Release|Any CPU.Build.0 = Debug|Any CPU
		{8D6A2714-789D-4201-97CF-BF8FB96F4D56}.Debug|Any CPU.ActiveCfg = Debug|Any CPU
		{8D6A2714-789D-4201-97CF-BF8FB96F4D56}.Debug|Any CPU.Build.0 = Debug|Any CPU
		{8D6A2714-789D-4201-97CF-BF8FB96F4D56}.Release|Any CPU.ActiveCfg = Release|Any CPU
		{8D6A2714-789D-4201-97CF-BF8FB96F4D56}.Release|Any CPU.Build.0 = Release|Any CPU
	EndGlobalSection
	GlobalSection(SolutionProperties) = preSolution
		HideSolutionNode = FALSE
	EndGlobalSection
EndGlobal
