
Microsoft Visual Studio Solution File, Format Version 12.00
# Visual Studio 14
VisualStudioVersion = 14.0.25420.1
MinimumVisualStudioVersion = 10.0.40219.1
Project("{FAE04EC0-301F-11D3-BF4B-00C04F79EFBC}") = "WcfAjaxCall", "WcfAjaxCall\WcfAjaxCall.csproj", "{D2DA2D80-505F-40E1-9254-4A5F0F5C8653}"
EndProject
Project("{FAE04EC0-301F-11D3-BF4B-00C04F79EFBC}") = "WcfServices", "WcfServices\WcfServices.csproj", "{89D3CC09-6D4E-4CB0-8A19-E5368E70EE66}"
EndProject
Project("{FAE04EC0-301F-11D3-BF4B-00C04F79EFBC}") = "WebApiSrv", "WebApiSrv\WebApiSrv.csproj", "{4E95FC71-4EB3-498F-92FC-30F48CCAD5A5}"
EndProject
Global
	GlobalSection(SolutionConfigurationPlatforms) = preSolution
		Debug|Any CPU = Debug|Any CPU
		Release|Any CPU = Release|Any CPU
	EndGlobalSection
	GlobalSection(ProjectConfigurationPlatforms) = postSolution
		{D2DA2D80-505F-40E1-9254-4A5F0F5C8653}.Debug|Any CPU.ActiveCfg = Debug|Any CPU
		{D2DA2D80-505F-40E1-9254-4A5F0F5C8653}.Debug|Any CPU.Build.0 = Debug|Any CPU
		{D2DA2D80-505F-40E1-9254-4A5F0F5C8653}.Release|Any CPU.ActiveCfg = Release|Any CPU
		{D2DA2D80-505F-40E1-9254-4A5F0F5C8653}.Release|Any CPU.Build.0 = Release|Any CPU
		{89D3CC09-6D4E-4CB0-8A19-E5368E70EE66}.Debug|Any CPU.ActiveCfg = Debug|Any CPU
		{89D3CC09-6D4E-4CB0-8A19-E5368E70EE66}.Debug|Any CPU.Build.0 = Debug|Any CPU
		{89D3CC09-6D4E-4CB0-8A19-E5368E70EE66}.Release|Any CPU.ActiveCfg = Release|Any CPU
		{89D3CC09-6D4E-4CB0-8A19-E5368E70EE66}.Release|Any CPU.Build.0 = Release|Any CPU
		{4E95FC71-4EB3-498F-92FC-30F48CCAD5A5}.Debug|Any CPU.ActiveCfg = Debug|Any CPU
		{4E95FC71-4EB3-498F-92FC-30F48CCAD5A5}.Debug|Any CPU.Build.0 = Debug|Any CPU
		{4E95FC71-4EB3-498F-92FC-30F48CCAD5A5}.Release|Any CPU.ActiveCfg = Release|Any CPU
		{4E95FC71-4EB3-498F-92FC-30F48CCAD5A5}.Release|Any CPU.Build.0 = Release|Any CPU
	EndGlobalSection
	GlobalSection(SolutionProperties) = preSolution
		HideSolutionNode = FALSE
	EndGlobalSection
EndGlobal
