
Microsoft Visual Studio Solution File, Format Version 12.00
# Visual Studio 2013
VisualStudioVersion = 12.0.21005.1
MinimumVisualStudioVersion = 10.0.40219.1
Project("{FAE04EC0-301F-11D3-BF4B-00C04F79EFBC}") = "DynamicProxyExample", "DynamicProxyExample\DynamicProxyExample.csproj", "{30ADF609-B6F8-44C2-AD91-05FEBADC27AA}"
EndProject
Project("{FAE04EC0-301F-11D3-BF4B-00C04F79EFBC}") = "DynamicProxyImplementation", "DynamicProxyImplementation\DynamicProxyImplementation.csproj", "{054A4F0C-156C-4566-A072-AFEF90EFD58F}"
EndProject
Global
	GlobalSection(SolutionConfigurationPlatforms) = preSolution
		Debug|Any CPU = Debug|Any CPU
		Release|Any CPU = Release|Any CPU
	EndGlobalSection
	GlobalSection(ProjectConfigurationPlatforms) = postSolution
		{054A4F0C-156C-4566-A072-AFEF90EFD58F}.Debug|Any CPU.ActiveCfg = Debug|Any CPU
		{054A4F0C-156C-4566-A072-AFEF90EFD58F}.Debug|Any CPU.Build.0 = Debug|Any CPU
		{054A4F0C-156C-4566-A072-AFEF90EFD58F}.Release|Any CPU.ActiveCfg = Release|Any CPU
		{054A4F0C-156C-4566-A072-AFEF90EFD58F}.Release|Any CPU.Build.0 = Release|Any CPU
		{30ADF609-B6F8-44C2-AD91-05FEBADC27AA}.Debug|Any CPU.ActiveCfg = Debug|Any CPU
		{30ADF609-B6F8-44C2-AD91-05FEBADC27AA}.Debug|Any CPU.Build.0 = Debug|Any CPU
		{30ADF609-B6F8-44C2-AD91-05FEBADC27AA}.Release|Any CPU.ActiveCfg = Release|Any CPU
		{30ADF609-B6F8-44C2-AD91-05FEBADC27AA}.Release|Any CPU.Build.0 = Release|Any CPU
	EndGlobalSection
	GlobalSection(SolutionProperties) = preSolution
		HideSolutionNode = FALSE
	EndGlobalSection
EndGlobal
