
Microsoft Visual Studio Solution File, Format Version 12.00
# Visual Studio 14
VisualStudioVersion = 14.0.25420.1
MinimumVisualStudioVersion = 10.0.40219.1
Project("{E24C65DC-7377-472B-9ABA-BC803B73C61A}") = "html-screen-capture-js", ".", "{CC4605A2-4A0C-49C5-9CE8-C2F62F6A0640}"
	ProjectSection(WebsiteProperties) = preProject
		TargetFrameworkMoniker = ".NETFramework,Version%3Dv4.0"
		Debug.AspNetCompiler.VirtualPath = "/localhost_53271"
		Debug.AspNetCompiler.PhysicalPath = "..\html-screen-capture-js\"
		Debug.AspNetCompiler.TargetPath = "PrecompiledWeb\localhost_53271\"
		Debug.AspNetCompiler.Updateable = "true"
		Debug.AspNetCompiler.ForceOverwrite = "true"
		Debug.AspNetCompiler.FixedNames = "false"
		Debug.AspNetCompiler.Debug = "True"
		Release.AspNetCompiler.VirtualPath = "/localhost_53271"
		Release.AspNetCompiler.PhysicalPath = "..\html-screen-capture-js\"
		Release.AspNetCompiler.TargetPath = "PrecompiledWeb\localhost_53271\"
		Release.AspNetCompiler.Updateable = "true"
		Release.AspNetCompiler.ForceOverwrite = "true"
		Release.AspNetCompiler.FixedNames = "false"
		Release.AspNetCompiler.Debug = "False"
		VWDPort = "53271"
		SlnRelativePath = "..\html-screen-capture-js\"
	EndProjectSection
EndProject
Global
	GlobalSection(SolutionConfigurationPlatforms) = preSolution
		Debug|Any CPU = Debug|Any CPU
	EndGlobalSection
	GlobalSection(ProjectConfigurationPlatforms) = postSolution
		{CC4605A2-4A0C-49C5-9CE8-C2F62F6A0640}.Debug|Any CPU.ActiveCfg = Debug|Any CPU
		{CC4605A2-4A0C-49C5-9CE8-C2F62F6A0640}.Debug|Any CPU.Build.0 = Debug|Any CPU
	EndGlobalSection
	GlobalSection(SolutionProperties) = preSolution
		HideSolutionNode = FALSE
	EndGlobalSection
EndGlobal
