
Microsoft Visual Studio Solution File, Format Version 12.00
# Visual Studio 14
VisualStudioVersion = 14.0.25420.1
MinimumVisualStudioVersion = 10.0.40219.1
Project("{FAE04EC0-301F-11D3-BF4B-00C04F79EFBC}") = "WebApiSrv", "WebApiSrv\WebApiSrv.csproj", "{C69A83D9-B884-430B-AB3B-64F66B8E3411}"
EndProject
Project("{FAE04EC0-301F-11D3-BF4B-00C04F79EFBC}") = "AjaxCall", "AjaxCall\AjaxCall.csproj", "{BE1A91B0-11A8-4B87-A6DF-896E68C01F76}"
EndProject
Global
	GlobalSection(SolutionConfigurationPlatforms) = preSolution
		Debug|Any CPU = Debug|Any CPU
		Release|Any CPU = Release|Any CPU
	EndGlobalSection
	GlobalSection(ProjectConfigurationPlatforms) = postSolution
		{C69A83D9-B884-430B-AB3B-64F66B8E3411}.Debug|Any CPU.ActiveCfg = Debug|Any CPU
		{C69A83D9-B884-430B-AB3B-64F66B8E3411}.Debug|Any CPU.Build.0 = Debug|Any CPU
		{C69A83D9-B884-430B-AB3B-64F66B8E3411}.Release|Any CPU.ActiveCfg = Release|Any CPU
		{C69A83D9-B884-430B-AB3B-64F66B8E3411}.Release|Any CPU.Build.0 = Release|Any CPU
		{BE1A91B0-11A8-4B87-A6DF-896E68C01F76}.Debug|Any CPU.ActiveCfg = Debug|Any CPU
		{BE1A91B0-11A8-4B87-A6DF-896E68C01F76}.Debug|Any CPU.Build.0 = Debug|Any CPU
		{BE1A91B0-11A8-4B87-A6DF-896E68C01F76}.Release|Any CPU.ActiveCfg = Release|Any CPU
		{BE1A91B0-11A8-4B87-A6DF-896E68C01F76}.Release|Any CPU.Build.0 = Release|Any CPU
	EndGlobalSection
	GlobalSection(SolutionProperties) = preSolution
		HideSolutionNode = FALSE
	EndGlobalSection
EndGlobal
