
Microsoft Visual Studio Solution File, Format Version 12.00
# Visual Studio 15
VisualStudioVersion = 15.0.27428.2005
MinimumVisualStudioVersion = 10.0.40219.1
Project("{FAE04EC0-301F-11D3-BF4B-00C04F79EFBC}") = "hmailserverAPI", "hmailserverAPI\hmailserverAPI.csproj", "{4968F3E8-10FD-4563-A56A-192516F35039}"
EndProject
Global
	GlobalSection(SolutionConfigurationPlatforms) = preSolution
		Debug|Any CPU = Debug|Any CPU
		Release|Any CPU = Release|Any CPU
	EndGlobalSection
	GlobalSection(ProjectConfigurationPlatforms) = postSolution
		{4968F3E8-10FD-4563-A56A-192516F35039}.Debug|Any CPU.ActiveCfg = Debug|Any CPU
		{4968F3E8-10FD-4563-A56A-192516F35039}.Debug|Any CPU.Build.0 = Debug|Any CPU
		{4968F3E8-10FD-4563-A56A-192516F35039}.Release|Any CPU.ActiveCfg = Release|Any CPU
		{4968F3E8-10FD-4563-A56A-192516F35039}.Release|Any CPU.Build.0 = Release|Any CPU
	EndGlobalSection
	GlobalSection(SolutionProperties) = preSolution
		HideSolutionNode = FALSE
	EndGlobalSection
	GlobalSection(ExtensibilityGlobals) = postSolution
		SolutionGuid = {F2CB983F-9CD0-4BB0-AE9D-AC56858CD9F9}
	EndGlobalSection
EndGlobal
