
Microsoft Visual Studio Solution File, Format Version 12.00
# Visual Studio 2013
VisualStudioVersion = 12.0.21005.1
MinimumVisualStudioVersion = 10.0.40219.1
Project("{FAE04EC0-301F-11D3-BF4B-00C04F79EFBC}") = "UserControlsWeb", "UserControlsWeb\UserControlsWeb.csproj", "{117963B1-3BFC-4933-BE56-EB81B060FB59}"
EndProject
Project("{FAE04EC0-301F-11D3-BF4B-00C04F79EFBC}") = "UserControls", "UserControls\UserControls.csproj", "{6619DE3F-A1F5-4019-89D6-501F7467C435}"
EndProject
Project("{E24C65DC-7377-472B-9ABA-BC803B73C61A}") = "UserControlsWebSite", "http://localhost:3564", "{68C96E6B-4F9C-42C9-AFF3-854A09E1DBA3}"
	ProjectSection(WebsiteProperties) = preProject
		UseIISExpress = "true"
		TargetFrameworkMoniker = ".NETFramework,Version%3Dv4.5"
		Debug.AspNetCompiler.VirtualPath = "/localhost_3564"
		Debug.AspNetCompiler.PhysicalPath = "UserControlsWebSite\"
		Debug.AspNetCompiler.TargetPath = "PrecompiledWeb\localhost_3564\"
		Debug.AspNetCompiler.Updateable = "true"
		Debug.AspNetCompiler.ForceOverwrite = "true"
		Debug.AspNetCompiler.FixedNames = "false"
		Debug.AspNetCompiler.Debug = "True"
		Release.AspNetCompiler.VirtualPath = "/localhost_3564"
		Release.AspNetCompiler.PhysicalPath = "UserControlsWebSite\"
		Release.AspNetCompiler.TargetPath = "PrecompiledWeb\localhost_3564\"
		Release.AspNetCompiler.Updateable = "true"
		Release.AspNetCompiler.ForceOverwrite = "true"
		Release.AspNetCompiler.FixedNames = "false"
		Release.AspNetCompiler.Debug = "False"
		SlnRelativePath = "UserControlsWebSite\"
		DefaultWebSiteLanguage = "Visual C#"
	EndProjectSection
EndProject
Global
	GlobalSection(SolutionConfigurationPlatforms) = preSolution
		Debug|Any CPU = Debug|Any CPU
		Release|Any CPU = Release|Any CPU
	EndGlobalSection
	GlobalSection(ProjectConfigurationPlatforms) = postSolution
		{117963B1-3BFC-4933-BE56-EB81B060FB59}.Debug|Any CPU.ActiveCfg = Debug|Any CPU
		{117963B1-3BFC-4933-BE56-EB81B060FB59}.Debug|Any CPU.Build.0 = Debug|Any CPU
		{117963B1-3BFC-4933-BE56-EB81B060FB59}.Release|Any CPU.ActiveCfg = Release|Any CPU
		{117963B1-3BFC-4933-BE56-EB81B060FB59}.Release|Any CPU.Build.0 = Release|Any CPU
		{6619DE3F-A1F5-4019-89D6-501F7467C435}.Debug|Any CPU.ActiveCfg = Debug|Any CPU
		{6619DE3F-A1F5-4019-89D6-501F7467C435}.Debug|Any CPU.Build.0 = Debug|Any CPU
		{6619DE3F-A1F5-4019-89D6-501F7467C435}.Release|Any CPU.ActiveCfg = Release|Any CPU
		{6619DE3F-A1F5-4019-89D6-501F7467C435}.Release|Any CPU.Build.0 = Release|Any CPU
		{68C96E6B-4F9C-42C9-AFF3-854A09E1DBA3}.Debug|Any CPU.ActiveCfg = Debug|Any CPU
		{68C96E6B-4F9C-42C9-AFF3-854A09E1DBA3}.Debug|Any CPU.Build.0 = Debug|Any CPU
		{68C96E6B-4F9C-42C9-AFF3-854A09E1DBA3}.Release|Any CPU.ActiveCfg = Debug|Any CPU
		{68C96E6B-4F9C-42C9-AFF3-854A09E1DBA3}.Release|Any CPU.Build.0 = Debug|Any CPU
	EndGlobalSection
	GlobalSection(SolutionProperties) = preSolution
		HideSolutionNode = FALSE
	EndGlobalSection
EndGlobal
