
Microsoft Visual Studio Solution File, Format Version 12.00
# Visual Studio 2013
VisualStudioVersion = 12.0.40629.0
MinimumVisualStudioVersion = 10.0.40219.1
Project("{FAE04EC0-301F-11D3-BF4B-00C04F79EFBC}") = "WCFRouting", "WCFRouting\WCFRouting.csproj", "{8B1872A3-42C6-44F6-A629-719016C54D1A}"
EndProject
Project("{FAE04EC0-301F-11D3-BF4B-00C04F79EFBC}") = "RouteTest", "RouteTest\RouteTest.csproj", "{850BE9F2-3724-4AB5-8951-AC1508A9F48E}"
EndProject
Global
	GlobalSection(SolutionConfigurationPlatforms) = preSolution
		Debug|Any CPU = Debug|Any CPU
		Release|Any CPU = Release|Any CPU
	EndGlobalSection
	GlobalSection(ProjectConfigurationPlatforms) = postSolution
		{8B1872A3-42C6-44F6-A629-719016C54D1A}.Debug|Any CPU.ActiveCfg = Debug|Any CPU
		{8B1872A3-42C6-44F6-A629-719016C54D1A}.Debug|Any CPU.Build.0 = Debug|Any CPU
		{8B1872A3-42C6-44F6-A629-719016C54D1A}.Release|Any CPU.ActiveCfg = Release|Any CPU
		{8B1872A3-42C6-44F6-A629-719016C54D1A}.Release|Any CPU.Build.0 = Release|Any CPU
		{850BE9F2-3724-4AB5-8951-AC1508A9F48E}.Debug|Any CPU.ActiveCfg = Debug|Any CPU
		{850BE9F2-3724-4AB5-8951-AC1508A9F48E}.Debug|Any CPU.Build.0 = Debug|Any CPU
		{850BE9F2-3724-4AB5-8951-AC1508A9F48E}.Release|Any CPU.ActiveCfg = Release|Any CPU
		{850BE9F2-3724-4AB5-8951-AC1508A9F48E}.Release|Any CPU.Build.0 = Release|Any CPU
	EndGlobalSection
	GlobalSection(SolutionProperties) = preSolution
		HideSolutionNode = FALSE
	EndGlobalSection
EndGlobal
