
Microsoft Visual Studio Solution File, Format Version 12.00
# Visual Studio 14
VisualStudioVersion = 14.0.25420.1
MinimumVisualStudioVersion = 10.0.40219.1
Project("{FAE04EC0-301F-11D3-BF4B-00C04F79EFBC}") = "WcfClientMessageInspector", "WcfClientMessageInspector\WcfClientMessageInspector.csproj", "{EBCCBFF5-DE05-4F08-8770-E26AF779FBA0}"
EndProject
Global
	GlobalSection(SolutionConfigurationPlatforms) = preSolution
		Debug|Any CPU = Debug|Any CPU
		Release|Any CPU = Release|Any CPU
	EndGlobalSection
	GlobalSection(ProjectConfigurationPlatforms) = postSolution
		{EBCCBFF5-DE05-4F08-8770-E26AF779FBA0}.Debug|Any CPU.ActiveCfg = Debug|Any CPU
		{EBCCBFF5-DE05-4F08-8770-E26AF779FBA0}.Debug|Any CPU.Build.0 = Debug|Any CPU
		{EBCCBFF5-DE05-4F08-8770-E26AF779FBA0}.Release|Any CPU.ActiveCfg = Release|Any CPU
		{EBCCBFF5-DE05-4F08-8770-E26AF779FBA0}.Release|Any CPU.Build.0 = Release|Any CPU
	EndGlobalSection
	GlobalSection(SolutionProperties) = preSolution
		HideSolutionNode = FALSE
	EndGlobalSection
EndGlobal
